// !$*UTF8*$!
{
	archiveVersion = 1;
	classes = {
	};
	objectVersion = 56;
	objects = {

/* Begin PBXBuildFile section */
		3811DE772C5457E000B7AC81 /* Checkout.swift in Sources */ = {isa = PBXBuildFile; fileRef = 3811DE762C5457E000B7AC81 /* Checkout.swift */; };
		388D3F012C5D8EE0007026E6 /* EditMode.swift in Sources */ = {isa = PBXBuildFile; fileRef = 388D3F002C5D8EE0007026E6 /* EditMode.swift */; };
		388D3F032C5D9EF2007026E6 /* CameraView.swift in Sources */ = {isa = PBXBuildFile; fileRef = 388D3F022C5D9EF2007026E6 /* CameraView.swift */; };
		388D3F052C5DB79A007026E6 /* DeviceRotationViewModifier.swift in Sources */ = {isa = PBXBuildFile; fileRef = 388D3F042C5DB79A007026E6 /* DeviceRotationViewModifier.swift */; };
		38DDEDF92C4BFBA5001F1724 /* AppDelegate.swift in Sources */ = {isa = PBXBuildFile; fileRef = 38DDEDF82C4BFBA5001F1724 /* AppDelegate.swift */; };
		38DDEDFB2C4BFBA5001F1724 /* SceneDelegate.swift in Sources */ = {isa = PBXBuildFile; fileRef = 38DDEDFA2C4BFBA5001F1724 /* SceneDelegate.swift */; };
		38DDEDFD2C4BFBA5001F1724 /* Frame.swift in Sources */ = {isa = PBXBuildFile; fileRef = 38DDEDFC2C4BFBA5001F1724 /* Frame.swift */; };
		38DDEE002C4BFBA5001F1724 /* Base in Resources */ = {isa = PBXBuildFile; fileRef = 38DDEDFF2C4BFBA5001F1724 /* Base */; };
		38DDEE032C4BFBA5001F1724 /* Frame.xcdatamodeld in Sources */ = {isa = PBXBuildFile; fileRef = 38DDEE012C4BFBA5001F1724 /* Frame.xcdatamodeld */; };
		38DDEE052C4BFBA5001F1724 /* Assets.xcassets in Resources */ = {isa = PBXBuildFile; fileRef = 38DDEE042C4BFBA5001F1724 /* Assets.xcassets */; };
		38DDEE082C4BFBA5001F1724 /* Base in Resources */ = {isa = PBXBuildFile; fileRef = 38DDEE072C4BFBA5001F1724 /* Base */; };
		38DDEE102C4C0059001F1724 /* FrameContentView.swift in Sources */ = {isa = PBXBuildFile; fileRef = 38DDEE0F2C4C0059001F1724 /* FrameContentView.swift */; };
		38DDEE122C4C129E001F1724 /* GalleryView.swift in Sources */ = {isa = PBXBuildFile; fileRef = 38DDEE112C4C129E001F1724 /* GalleryView.swift */; };
		38DDEE142C4C12EE001F1724 /* Cart.swift in Sources */ = {isa = PBXBuildFile; fileRef = 38DDEE132C4C12EE001F1724 /* Cart.swift */; };
		38DDEE162C4C1FBC001F1724 /* SocialMediaLinks.swift in Sources */ = {isa = PBXBuildFile; fileRef = 38DDEE152C4C1FBC001F1724 /* SocialMediaLinks.swift */; };
		38DDEE182C4C2089001F1724 /* Header.swift in Sources */ = {isa = PBXBuildFile; fileRef = 38DDEE172C4C2089001F1724 /* Header.swift */; };
		38DDEE1E2C4D8060001F1724 /* CartContentView.swift in Sources */ = {isa = PBXBuildFile; fileRef = 38DDEE1D2C4D8060001F1724 /* CartContentView.swift */; };
		38DDEE222C4F3032001F1724 /* FullScreenImageView.swift in Sources */ = {isa = PBXBuildFile; fileRef = 38DDEE212C4F3032001F1724 /* FullScreenImageView.swift */; };
		38DDEE242C4F30C9001F1724 /* ImageView.swift in Sources */ = {isa = PBXBuildFile; fileRef = 38DDEE232C4F30C9001F1724 /* ImageView.swift */; };
		38DDEE262C4F3D03001F1724 /* GalleryGrid.swift in Sources */ = {isa = PBXBuildFile; fileRef = 38DDEE252C4F3D03001F1724 /* GalleryGrid.swift */; };
/* End PBXBuildFile section */

/* Begin PBXFileReference section */
		3811DE762C5457E000B7AC81 /* Checkout.swift */ = {isa = PBXFileReference; lastKnownFileType = sourcecode.swift; path = Checkout.swift; sourceTree = "<group>"; };
		388D3F002C5D8EE0007026E6 /* EditMode.swift */ = {isa = PBXFileReference; lastKnownFileType = sourcecode.swift; path = EditMode.swift; sourceTree = "<group>"; };
		388D3F022C5D9EF2007026E6 /* CameraView.swift */ = {isa = PBXFileReference; lastKnownFileType = sourcecode.swift; path = CameraView.swift; sourceTree = "<group>"; };
		388D3F042C5DB79A007026E6 /* DeviceRotationViewModifier.swift */ = {isa = PBXFileReference; lastKnownFileType = sourcecode.swift; path = DeviceRotationViewModifier.swift; sourceTree = "<group>"; };
		38DDEDF52C4BFBA5001F1724 /* Frame.app */ = {isa = PBXFileReference; explicitFileType = wrapper.application; includeInIndex = 0; path = Frame.app; sourceTree = BUILT_PRODUCTS_DIR; };
		38DDEDF82C4BFBA5001F1724 /* AppDelegate.swift */ = {isa = PBXFileReference; lastKnownFileType = sourcecode.swift; path = AppDelegate.swift; sourceTree = "<group>"; };
		38DDEDFA2C4BFBA5001F1724 /* SceneDelegate.swift */ = {isa = PBXFileReference; lastKnownFileType = sourcecode.swift; path = SceneDelegate.swift; sourceTree = "<group>"; };
		38DDEDFC2C4BFBA5001F1724 /* Frame.swift */ = {isa = PBXFileReference; lastKnownFileType = sourcecode.swift; path = Frame.swift; sourceTree = "<group>"; };
		38DDEDFF2C4BFBA5001F1724 /* Base */ = {isa = PBXFileReference; lastKnownFileType = file.storyboard; name = Base; path = Base.lproj/Main.storyboard; sourceTree = "<group>"; };
		38DDEE022C4BFBA5001F1724 /* Frame.xcdatamodel */ = {isa = PBXFileReference; lastKnownFileType = wrapper.xcdatamodel; path = Frame.xcdatamodel; sourceTree = "<group>"; };
		38DDEE042C4BFBA5001F1724 /* Assets.xcassets */ = {isa = PBXFileReference; lastKnownFileType = folder.assetcatalog; path = Assets.xcassets; sourceTree = "<group>"; };
		38DDEE072C4BFBA5001F1724 /* Base */ = {isa = PBXFileReference; lastKnownFileType = file.storyboard; name = Base; path = Base.lproj/LaunchScreen.storyboard; sourceTree = "<group>"; };
		38DDEE092C4BFBA5001F1724 /* Info.plist */ = {isa = PBXFileReference; lastKnownFileType = text.plist.xml; path = Info.plist; sourceTree = "<group>"; };
		38DDEE0F2C4C0059001F1724 /* FrameContentView.swift */ = {isa = PBXFileReference; lastKnownFileType = sourcecode.swift; path = FrameContentView.swift; sourceTree = "<group>"; };
		38DDEE112C4C129E001F1724 /* GalleryView.swift */ = {isa = PBXFileReference; lastKnownFileType = sourcecode.swift; path = GalleryView.swift; sourceTree = "<group>"; };
		38DDEE132C4C12EE001F1724 /* Cart.swift */ = {isa = PBXFileReference; lastKnownFileType = sourcecode.swift; path = Cart.swift; sourceTree = "<group>"; };
		38DDEE152C4C1FBC001F1724 /* SocialMediaLinks.swift */ = {isa = PBXFileReference; lastKnownFileType = sourcecode.swift; path = SocialMediaLinks.swift; sourceTree = "<group>"; };
		38DDEE172C4C2089001F1724 /* Header.swift */ = {isa = PBXFileReference; lastKnownFileType = sourcecode.swift; path = Header.swift; sourceTree = "<group>"; };
		38DDEE1D2C4D8060001F1724 /* CartContentView.swift */ = {isa = PBXFileReference; lastKnownFileType = sourcecode.swift; path = CartContentView.swift; sourceTree = "<group>"; };
		38DDEE212C4F3032001F1724 /* FullScreenImageView.swift */ = {isa = PBXFileReference; lastKnownFileType = sourcecode.swift; path = FullScreenImageView.swift; sourceTree = "<group>"; };
		38DDEE232C4F30C9001F1724 /* ImageView.swift */ = {isa = PBXFileReference; lastKnownFileType = sourcecode.swift; path = ImageView.swift; sourceTree = "<group>"; };
		38DDEE252C4F3D03001F1724 /* GalleryGrid.swift */ = {isa = PBXFileReference; lastKnownFileType = sourcecode.swift; path = GalleryGrid.swift; sourceTree = "<group>"; };
/* End PBXFileReference section */

/* Begin PBXFrameworksBuildPhase section */
		38DDEDF22C4BFBA5001F1724 /* Frameworks */ = {
			isa = PBXFrameworksBuildPhase;
			buildActionMask = 2147483647;
			files = (
			);
			runOnlyForDeploymentPostprocessing = 0;
		};
/* End PBXFrameworksBuildPhase section */

/* Begin PBXGroup section */
		38DDEDEC2C4BFBA5001F1724 = {
			isa = PBXGroup;
			children = (
				38DDEDF72C4BFBA5001F1724 /* Frame */,
				38DDEDF62C4BFBA5001F1724 /* Products */,
			);
			sourceTree = "<group>";
		};
		38DDEDF62C4BFBA5001F1724 /* Products */ = {
			isa = PBXGroup;
			children = (
				38DDEDF52C4BFBA5001F1724 /* Frame.app */,
			);
			name = Products;
			sourceTree = "<group>";
		};
		38DDEDF72C4BFBA5001F1724 /* Frame */ = {
			isa = PBXGroup;
			children = (
				38DDEDF82C4BFBA5001F1724 /* AppDelegate.swift */,
				38DDEDFA2C4BFBA5001F1724 /* SceneDelegate.swift */,
				38DDEDFC2C4BFBA5001F1724 /* Frame.swift */,
				38DDEE0F2C4C0059001F1724 /* FrameContentView.swift */,
				388D3F002C5D8EE0007026E6 /* EditMode.swift */,
				38DDEE172C4C2089001F1724 /* Header.swift */,
				38DDEE152C4C1FBC001F1724 /* SocialMediaLinks.swift */,
				38DDEE112C4C129E001F1724 /* GalleryView.swift */,
				38DDEE232C4F30C9001F1724 /* ImageView.swift */,
				38DDEE212C4F3032001F1724 /* FullScreenImageView.swift */,
				388D3F042C5DB79A007026E6 /* DeviceRotationViewModifier.swift */,
				388D3F022C5D9EF2007026E6 /* CameraView.swift */,
				3811DE762C5457E000B7AC81 /* Checkout.swift */,
				38DDEE132C4C12EE001F1724 /* Cart.swift */,
				38DDEE1D2C4D8060001F1724 /* CartContentView.swift */,
				38DDEE252C4F3D03001F1724 /* GalleryGrid.swift */,
				38DDEDFE2C4BFBA5001F1724 /* Main.storyboard */,
				38DDEE042C4BFBA5001F1724 /* Assets.xcassets */,
				38DDEE062C4BFBA5001F1724 /* LaunchScreen.storyboard */,
				38DDEE092C4BFBA5001F1724 /* Info.plist */,
				38DDEE012C4BFBA5001F1724 /* Frame.xcdatamodeld */,
			);
			path = Frame;
			sourceTree = "<group>";
		};
/* End PBXGroup section */

/* Begin PBXNativeTarget section */
		38DDEDF42C4BFBA5001F1724 /* Frame */ = {
			isa = PBXNativeTarget;
			buildConfigurationList = 38DDEE0C2C4BFBA5001F1724 /* Build configuration list for PBXNativeTarget "Frame" */;
			buildPhases = (
				38DDEDF12C4BFBA5001F1724 /* Sources */,
				38DDEDF22C4BFBA5001F1724 /* Frameworks */,
				38DDEDF32C4BFBA5001F1724 /* Resources */,
			);
			buildRules = (
			);
			dependencies = (
			);
			name = Frame;
			productName = Frame;
			productReference = 38DDEDF52C4BFBA5001F1724 /* Frame.app */;
			productType = "com.apple.product-type.application";
		};
/* End PBXNativeTarget section */

/* Begin PBXProject section */
		38DDEDED2C4BFBA5001F1724 /* Project object */ = {
			isa = PBXProject;
			attributes = {
				BuildIndependentTargetsInParallel = 1;
				LastSwiftUpdateCheck = 1540;
				LastUpgradeCheck = 1540;
				TargetAttributes = {
					38DDEDF42C4BFBA5001F1724 = {
						CreatedOnToolsVersion = 15.4;
					};
				};
			};
			buildConfigurationList = 38DDEDF02C4BFBA5001F1724 /* Build configuration list for PBXProject "Frame" */;
			compatibilityVersion = "Xcode 14.0";
			developmentRegion = en;
			hasScannedForEncodings = 0;
			knownRegions = (
				en,
				Base,
			);
			mainGroup = 38DDEDEC2C4BFBA5001F1724;
			productRefGroup = 38DDEDF62C4BFBA5001F1724 /* Products */;
			projectDirPath = "";
			projectRoot = "";
			targets = (
				38DDEDF42C4BFBA5001F1724 /* Frame */,
			);
		};
/* End PBXProject section */

/* Begin PBXResourcesBuildPhase section */
		38DDEDF32C4BFBA5001F1724 /* Resources */ = {
			isa = PBXResourcesBuildPhase;
			buildActionMask = 2147483647;
			files = (
				38DDEE052C4BFBA5001F1724 /* Assets.xcassets in Resources */,
				38DDEE082C4BFBA5001F1724 /* Base in Resources */,
				38DDEE002C4BFBA5001F1724 /* Base in Resources */,
			);
			runOnlyForDeploymentPostprocessing = 0;
		};
/* End PBXResourcesBuildPhase section */

/* Begin PBXSourcesBuildPhase section */
		38DDEDF12C4BFBA5001F1724 /* Sources */ = {
			isa = PBXSourcesBuildPhase;
			buildActionMask = 2147483647;
			files = (
				38DDEE262C4F3D03001F1724 /* GalleryGrid.swift in Sources */,
				38DDEE242C4F30C9001F1724 /* ImageView.swift in Sources */,
				38DDEE222C4F3032001F1724 /* FullScreenImageView.swift in Sources */,
				3811DE772C5457E000B7AC81 /* Checkout.swift in Sources */,
				38DDEDFD2C4BFBA5001F1724 /* Frame.swift in Sources */,
				38DDEE182C4C2089001F1724 /* Header.swift in Sources */,
				38DDEE122C4C129E001F1724 /* GalleryView.swift in Sources */,
				388D3F052C5DB79A007026E6 /* DeviceRotationViewModifier.swift in Sources */,
				38DDEE032C4BFBA5001F1724 /* Frame.xcdatamodeld in Sources */,
				38DDEDF92C4BFBA5001F1724 /* AppDelegate.swift in Sources */,
				38DDEE142C4C12EE001F1724 /* Cart.swift in Sources */,
				38DDEE1E2C4D8060001F1724 /* CartContentView.swift in Sources */,
				38DDEE162C4C1FBC001F1724 /* SocialMediaLinks.swift in Sources */,
				388D3F012C5D8EE0007026E6 /* EditMode.swift in Sources */,
				38DDEDFB2C4BFBA5001F1724 /* SceneDelegate.swift in Sources */,
				38DDEE102C4C0059001F1724 /* FrameContentView.swift in Sources */,
				388D3F032C5D9EF2007026E6 /* CameraView.swift in Sources */,
			);
			runOnlyForDeploymentPostprocessing = 0;
		};
/* End PBXSourcesBuildPhase section */

/* Begin PBXVariantGroup section */
		38DDEDFE2C4BFBA5001F1724 /* Main.storyboard */ = {
			isa = PBXVariantGroup;
			children = (
				38DDEDFF2C4BFBA5001F1724 /* Base */,
			);
			name = Main.storyboard;
			sourceTree = "<group>";
		};
		38DDEE062C4BFBA5001F1724 /* LaunchScreen.storyboard */ = {
			isa = PBXVariantGroup;
			children = (
				38DDEE072C4BFBA5001F1724 /* Base */,
			);
			name = LaunchScreen.storyboard;
			sourceTree = "<group>";
		};
/* End PBXVariantGroup section */

/* Begin XCBuildConfiguration section */
		38DDEE0A2C4BFBA5001F1724 /* Debug */ = {
			isa = XCBuildConfiguration;
			buildSettings = {
				ALWAYS_SEARCH_USER_PATHS = NO;
				ASSETCATALOG_COMPILER_GENERATE_SWIFT_ASSET_SYMBOL_EXTENSIONS = YES;
				CLANG_ANALYZER_NONNULL = YES;
				CLANG_ANALYZER_NUMBER_OBJECT_CONVERSION = YES_AGGRESSIVE;
				CLANG_CXX_LANGUAGE_STANDARD = "gnu++20";
				CLANG_ENABLE_MODULES = YES;
				CLANG_ENABLE_OBJC_ARC = YES;
				CLANG_ENABLE_OBJC_WEAK = YES;
				CLANG_WARN_BLOCK_CAPTURE_AUTORELEASING = YES;
				CLANG_WARN_BOOL_CONVERSION = YES;
				CLANG_WARN_COMMA = YES;
				CLANG_WARN_CONSTANT_CONVERSION = YES;
				CLANG_WARN_DEPRECATED_OBJC_IMPLEMENTATIONS = YES;
				CLANG_WARN_DIRECT_OBJC_ISA_USAGE = YES_ERROR;
				CLANG_WARN_DOCUMENTATION_COMMENTS = YES;
				CLANG_WARN_EMPTY_BODY = YES;
				CLANG_WARN_ENUM_CONVERSION = YES;
				CLANG_WARN_INFINITE_RECURSION = YES;
				CLANG_WARN_INT_CONVERSION = YES;
				CLANG_WARN_NON_LITERAL_NULL_CONVERSION = YES;
				CLANG_WARN_OBJC_IMPLICIT_RETAIN_SELF = YES;
				CLANG_WARN_OBJC_LITERAL_CONVERSION = YES;
				CLANG_WARN_OBJC_ROOT_CLASS = YES_ERROR;
				CLANG_WARN_QUOTED_INCLUDE_IN_FRAMEWORK_HEADER = YES;
				CLANG_WARN_RANGE_LOOP_ANALYSIS = YES;
				CLANG_WARN_STRICT_PROTOTYPES = YES;
				CLANG_WARN_SUSPICIOUS_MOVE = YES;
				CLANG_WARN_UNGUARDED_AVAILABILITY = YES_AGGRESSIVE;
				CLANG_WARN_UNREACHABLE_CODE = YES;
				CLANG_WARN__DUPLICATE_METHOD_MATCH = YES;
				COPY_PHASE_STRIP = NO;
				DEBUG_INFORMATION_FORMAT = dwarf;
				ENABLE_STRICT_OBJC_MSGSEND = YES;
				ENABLE_TESTABILITY = YES;
				ENABLE_USER_SCRIPT_SANDBOXING = YES;
				GCC_C_LANGUAGE_STANDARD = gnu17;
				GCC_DYNAMIC_NO_PIC = NO;
				GCC_NO_COMMON_BLOCKS = YES;
				GCC_OPTIMIZATION_LEVEL = 0;
				GCC_PREPROCESSOR_DEFINITIONS = (
					"DEBUG=1",
					"$(inherited)",
				);
				GCC_WARN_64_TO_32_BIT_CONVERSION = YES;
				GCC_WARN_ABOUT_RETURN_TYPE = YES_ERROR;
				GCC_WARN_UNDECLARED_SELECTOR = YES;
				GCC_WARN_UNINITIALIZED_AUTOS = YES_AGGRESSIVE;
				GCC_WARN_UNUSED_FUNCTION = YES;
				GCC_WARN_UNUSED_VARIABLE = YES;
				IPHONEOS_DEPLOYMENT_TARGET = 17.5;
				LOCALIZATION_PREFERS_STRING_CATALOGS = YES;
				MTL_ENABLE_DEBUG_INFO = INCLUDE_SOURCE;
				MTL_FAST_MATH = YES;
				ONLY_ACTIVE_ARCH = YES;
				SDKROOT = iphoneos;
				SWIFT_ACTIVE_COMPILATION_CONDITIONS = "DEBUG $(inherited)";
				SWIFT_OPTIMIZATION_LEVEL = "-Onone";
			};
			name = Debug;
		};
		38DDEE0B2C4BFBA5001F1724 /* Release */ = {
			isa = XCBuildConfiguration;
			buildSettings = {
				ALWAYS_SEARCH_USER_PATHS = NO;
				ASSETCATALOG_COMPILER_GENERATE_SWIFT_ASSET_SYMBOL_EXTENSIONS = YES;
				CLANG_ANALYZER_NONNULL = YES;
				CLANG_ANALYZER_NUMBER_OBJECT_CONVERSION = YES_AGGRESSIVE;
				CLANG_CXX_LANGUAGE_STANDARD = "gnu++20";
				CLANG_ENABLE_MODULES = YES;
				CLANG_ENABLE_OBJC_ARC = YES;
				CLANG_ENABLE_OBJC_WEAK = YES;
				CLANG_WARN_BLOCK_CAPTURE_AUTORELEASING = YES;
				CLANG_WARN_BOOL_CONVERSION = YES;
				CLANG_WARN_COMMA = YES;
				CLANG_WARN_CONSTANT_CONVERSION = YES;
				CLANG_WARN_DEPRECATED_OBJC_IMPLEMENTATIONS = YES;
				CLANG_WARN_DIRECT_OBJC_ISA_USAGE = YES_ERROR;
				CLANG_WARN_DOCUMENTATION_COMMENTS = YES;
				CLANG_WARN_EMPTY_BODY = YES;
				CLANG_WARN_ENUM_CONVERSION = YES;
				CLANG_WARN_INFINITE_RECURSION = YES;
				CLANG_WARN_INT_CONVERSION = YES;
				CLANG_WARN_NON_LITERAL_NULL_CONVERSION = YES;
				CLANG_WARN_OBJC_IMPLICIT_RETAIN_SELF = YES;
				CLANG_WARN_OBJC_LITERAL_CONVERSION = YES;
				CLANG_WARN_OBJC_ROOT_CLASS = YES_ERROR;
				CLANG_WARN_QUOTED_INCLUDE_IN_FRAMEWORK_HEADER = YES;
				CLANG_WARN_RANGE_LOOP_ANALYSIS = YES;
				CLANG_WARN_STRICT_PROTOTYPES = YES;
				CLANG_WARN_SUSPICIOUS_MOVE = YES;
				CLANG_WARN_UNGUARDED_AVAILABILITY = YES_AGGRESSIVE;
				CLANG_WARN_UNREACHABLE_CODE = YES;
				CLANG_WARN__DUPLICATE_METHOD_MATCH = YES;
				COPY_PHASE_STRIP = NO;
				DEBUG_INFORMATION_FORMAT = "dwarf-with-dsym";
				ENABLE_NS_ASSERTIONS = NO;
				ENABLE_STRICT_OBJC_MSGSEND = YES;
				ENABLE_USER_SCRIPT_SANDBOXING = YES;
				GCC_C_LANGUAGE_STANDARD = gnu17;
				GCC_NO_COMMON_BLOCKS = YES;
				GCC_WARN_64_TO_32_BIT_CONVERSION = YES;
				GCC_WARN_ABOUT_RETURN_TYPE = YES_ERROR;
				GCC_WARN_UNDECLARED_SELECTOR = YES;
				GCC_WARN_UNINITIALIZED_AUTOS = YES_AGGRESSIVE;
				GCC_WARN_UNUSED_FUNCTION = YES;
				GCC_WARN_UNUSED_VARIABLE = YES;
				IPHONEOS_DEPLOYMENT_TARGET = 17.5;
				LOCALIZATION_PREFERS_STRING_CATALOGS = YES;
				MTL_ENABLE_DEBUG_INFO = NO;
				MTL_FAST_MATH = YES;
				SDKROOT = iphoneos;
				SWIFT_COMPILATION_MODE = wholemodule;
				VALIDATE_PRODUCT = YES;
			};
			name = Release;
		};
		38DDEE0D2C4BFBA5001F1724 /* Debug */ = {
			isa = XCBuildConfiguration;
			buildSettings = {
				ASSETCATALOG_COMPILER_APPICON_NAME = AppIcon;
				ASSETCATALOG_COMPILER_GLOBAL_ACCENT_COLOR_NAME = AccentColor;
				CODE_SIGN_STYLE = Automatic;
				CURRENT_PROJECT_VERSION = 1;
				DEVELOPMENT_TEAM = 7XZJ4BCPR6;
				GENERATE_INFOPLIST_FILE = YES;
				INFOPLIST_FILE = Frame/Info.plist;
				INFOPLIST_KEY_CFBundleDisplayName = Frame;
				INFOPLIST_KEY_LSApplicationCategoryType = "public.app-category.lifestyle";
				INFOPLIST_KEY_NSCameraUsageDescription = "We need access to the camera to take photos";
				INFOPLIST_KEY_UIApplicationSupportsIndirectInputEvents = YES;
				INFOPLIST_KEY_UILaunchStoryboardName = LaunchScreen;
				INFOPLIST_KEY_UIMainStoryboardFile = Main;
				INFOPLIST_KEY_UIStatusBarStyle = "";
				INFOPLIST_KEY_UISupportedInterfaceOrientations_iPad = "UIInterfaceOrientationLandscapeLeft UIInterfaceOrientationLandscapeRight UIInterfaceOrientationPortrait UIInterfaceOrientationPortraitUpsideDown";
				LD_RUNPATH_SEARCH_PATHS = (
					"$(inherited)",
					"@executable_path/Frameworks",
				);
				MARKETING_VERSION = 1.0;
				PRODUCT_BUNDLE_IDENTIFIER = com.GeoLocationPractice.Frame;
				PRODUCT_NAME = "$(TARGET_NAME)";
				SWIFT_EMIT_LOC_STRINGS = YES;
				SWIFT_VERSION = 5.0;
				TARGETED_DEVICE_FAMILY = "1,2";
			};
			name = Debug;
		};
		38DDEE0E2C4BFBA5001F1724 /* Release */ = {
			isa = XCBuildConfiguration;
			buildSettings = {
				ASSETCATALOG_COMPILER_APPICON_NAME = AppIcon;
				ASSETCATALOG_COMPILER_GLOBAL_ACCENT_COLOR_NAME = AccentColor;
				CODE_SIGN_STYLE = Automatic;
				CURRENT_PROJECT_VERSION = 1;
				DEVELOPMENT_TEAM = 7XZJ4BCPR6;
				GENERATE_INFOPLIST_FILE = YES;
				INFOPLIST_FILE = Frame/Info.plist;
				INFOPLIST_KEY_CFBundleDisplayName = Frame;
				INFOPLIST_KEY_LSApplicationCategoryType = "public.app-category.lifestyle";
				INFOPLIST_KEY_NSCameraUsageDescription = "We need access to the camera to take photos";
				INFOPLIST_KEY_UIApplicationSupportsIndirectInputEvents = YES;
				INFOPLIST_KEY_UILaunchStoryboardName = LaunchScreen;
				INFOPLIST_KEY_UIMainStoryboardFile = Main;
				INFOPLIST_KEY_UIStatusBarStyle = "";
				INFOPLIST_KEY_UISupportedInterfaceOrientations_iPad = "UIInterfaceOrientationLandscapeLeft UIInterfaceOrientationLandscapeRight UIInterfaceOrientationPortrait UIInterfaceOrientationPortraitUpsideDown";
				LD_RUNPATH_SEARCH_PATHS = (
					"$(inherited)",
					"@executable_path/Frameworks",
				);
				MARKETING_VERSION = 1.0;
				PRODUCT_BUNDLE_IDENTIFIER = com.GeoLocationPractice.Frame;
				PRODUCT_NAME = "$(TARGET_NAME)";
				SWIFT_EMIT_LOC_STRINGS = YES;
				SWIFT_VERSION = 5.0;
				TARGETED_DEVICE_FAMILY = "1,2";
			};
			name = Release;
		};
/* End XCBuildConfiguration section */

/* Begin XCConfigurationList section */
		38DDEDF02C4BFBA5001F1724 /* Build configuration list for PBXProject "Frame" */ = {
			isa = XCConfigurationList;
			buildConfigurations = (
				38DDEE0A2C4BFBA5001F1724 /* Debug */,
				38DDEE0B2C4BFBA5001F1724 /* Release */,
			);
			defaultConfigurationIsVisible = 0;
			defaultConfigurationName = Release;
		};
		38DDEE0C2C4BFBA5001F1724 /* Build configuration list for PBXNativeTarget "Frame" */ = {
			isa = XCConfigurationList;
			buildConfigurations = (
				38DDEE0D2C4BFBA5001F1724 /* Debug */,
				38DDEE0E2C4BFBA5001F1724 /* Release */,
			);
			defaultConfigurationIsVisible = 0;
			defaultConfigurationName = Release;
		};
/* End XCConfigurationList section */

/* Begin XCVersionGroup section */
		38DDEE012C4BFBA5001F1724 /* Frame.xcdatamodeld */ = {
			isa = XCVersionGroup;
			children = (
				38DDEE022C4BFBA5001F1724 /* Frame.xcdatamodel */,
			);
			currentVersion = 38DDEE022C4BFBA5001F1724 /* Frame.xcdatamodel */;
			path = Frame.xcdatamodeld;
			sourceTree = "<group>";
			versionGroupType = wrapper.xcdatamodel;
		};
/* End XCVersionGroup section */
	};
	rootObject = 38DDEDED2C4BFBA5001F1724 /* Project object */;
}
